
Microsoft Visual Studio Solution File, Format Version 12.00
# Visual Studio 2012
Project("{FAE04EC0-301F-11D3-BF4B-00C04F79EFBC}") = "myapp1", "myapp1\myapp1.csproj", "{DA009864-89F7-49A8-8E41-62906DC1A0B6}"
EndProject
Project("{FAE04EC0-301F-11D3-BF4B-00C04F79EFBC}") = "myapp1.Droid", "Droid\myapp1.Droid.csproj", "{F1A4F81A-E9C3-4E2C-9A49-AE91FDFDB33F}"
EndProject
Global
	GlobalSection(SolutionConfigurationPlatforms) = preSolution
		Debug|Any CPU = Debug|Any CPU
		Release|Any CPU = Release|Any CPU
	EndGlobalSection
	GlobalSection(ProjectConfigurationPlatforms) = postSolution
		{DA009864-89F7-49A8-8E41-62906DC1A0B6}.Debug|Any CPU.ActiveCfg = Debug|Any CPU
		{DA009864-89F7-49A8-8E41-62906DC1A0B6}.Debug|Any CPU.Build.0 = Debug|Any CPU
		{DA009864-89F7-49A8-8E41-62906DC1A0B6}.Release|Any CPU.ActiveCfg = Release|Any CPU
		{DA009864-89F7-49A8-8E41-62906DC1A0B6}.Release|Any CPU.Build.0 = Release|Any CPU
		{F1A4F81A-E9C3-4E2C-9A49-AE91FDFDB33F}.Debug|Any CPU.ActiveCfg = Debug|Any CPU
		{F1A4F81A-E9C3-4E2C-9A49-AE91FDFDB33F}.Debug|Any CPU.Build.0 = Debug|Any CPU
		{F1A4F81A-E9C3-4E2C-9A49-AE91FDFDB33F}.Release|Any CPU.ActiveCfg = Release|Any CPU
		{F1A4F81A-E9C3-4E2C-9A49-AE91FDFDB33F}.Release|Any CPU.Build.0 = Release|Any CPU
	EndGlobalSection
EndGlobal
